version = 1
revision = 3
requires-python = ">=3.11"

[[package]]
name = "ai-core"
version = "0.1.0"
source = { virtual = "." }
dependencies = [
    { name = "sqlglot" },
    { name = "tree-sitter" },
    { name = "tree-sitter-go" },
    { name = "tree-sitter-php" },
    { name = "tree-sitter-python" },
]

[package.metadata]
requires-dist = [
    { name = "sqlglot", specifier = ">=30.8.0" },
    { name = "tree-sitter", specifier = ">=0.25.2" },
    { name = "tree-sitter-go", specifier = ">=0.25.0" },
    { name = "tree-sitter-php", specifier = ">=0.24.1" },
    { name = "tree-sitter-python", specifier = ">=0.25.0" },
]

[[package]]
name = "sqlglot"
version = "30.8.0"
source = { registry = "https://pypi.org/simple" }
sdist = { url = "https://files.pythonhosted.org/packages/0f/64/89299aefc6ebdf4fc899f5dc14c7fcb7eb9da9290a2b4d615ae7ab884b17/sqlglot-30.8.0.tar.gz", hash = "sha256:1c5f93fb742dd9aaa75eee6bb33a637794a858b9a86375fac23a2dc0f7bc127e", size = 5869750, upload-time = "2026-05-13T09:04:38.923Z" }
wheels = [
    { url = "https://files.pythonhosted.org/packages/88/4e/80705091aaf9c95e125d243f0aa871bc9f3670b4c9d963e6bad3b3dce8ff/sqlglot-30.8.0-py3-none-any.whl", hash = "sha256:af903378c331d5b72277a1b41118f07bc3e50cf4478e2d47eed12c96ee6a22a4", size = 687831, upload-time = "2026-05-13T09:04:36.336Z" },
]

[[package]]
name = "tree-sitter"
version = "0.25.2"
source = { registry = "https://pypi.org/simple" }
sdist = { url = "https://files.pythonhosted.org/packages/66/7c/0350cfc47faadc0d3cf7d8237a4e34032b3014ddf4a12ded9933e1648b55/tree-sitter-0.25.2.tar.gz", hash = "sha256:fe43c158555da46723b28b52e058ad444195afd1db3ca7720c59a254544e9c20", size = 177961, upload-time = "2025-09-25T17:37:59.751Z" }
wheels = [
    { url = "https://files.pythonhosted.org/packages/7c/22/88a1e00b906d26fa8a075dd19c6c3116997cb884bf1b3c023deb065a344d/tree_sitter-0.25.2-cp311-cp311-macosx_10_9_x86_64.whl", hash = "sha256:b8ca72d841215b6573ed0655b3a5cd1133f9b69a6fa561aecad40dca9029d75b", size = 146752, upload-time = "2025-09-25T17:37:24.775Z" },
    { url = "https://files.pythonhosted.org/packages/57/1c/22cc14f3910017b7a76d7358df5cd315a84fe0c7f6f7b443b49db2e2790d/tree_sitter-0.25.2-cp311-cp311-macosx_11_0_arm64.whl", hash = "sha256:cc0351cfe5022cec5a77645f647f92a936b38850346ed3f6d6babfbeeeca4d26", size = 137765, upload-time = "2025-09-25T17:37:26.103Z" },
    { url = "https://files.pythonhosted.org/packages/1c/0c/d0de46ded7d5b34631e0f630d9866dab22d3183195bf0f3b81de406d6622/tree_sitter-0.25.2-cp311-cp311-manylinux2014_aarch64.manylinux_2_17_aarch64.manylinux_2_28_aarch64.whl", hash = "sha256:1799609636c0193e16c38f366bda5af15b1ce476df79ddaae7dd274df9e44266", size = 604643, upload-time = "2025-09-25T17:37:27.398Z" },
    { url = "https://files.pythonhosted.org/packages/34/38/b735a58c1c2f60a168a678ca27b4c1a9df725d0bf2d1a8a1c571c033111e/tree_sitter-0.25.2-cp311-cp311-manylinux2014_x86_64.manylinux_2_17_x86_64.manylinux_2_28_x86_64.whl", hash = "sha256:3e65ae456ad0d210ee71a89ee112ac7e72e6c2e5aac1b95846ecc7afa68a194c", size = 632229, upload-time = "2025-09-25T17:37:28.463Z" },
    { url = "https://files.pythonhosted.org/packages/32/f6/cda1e1e6cbff5e28d8433578e2556d7ba0b0209d95a796128155b97e7693/tree_sitter-0.25.2-cp311-cp311-musllinux_1_2_x86_64.whl", hash = "sha256:49ee3c348caa459244ec437ccc7ff3831f35977d143f65311572b8ba0a5f265f", size = 629861, upload-time = "2025-09-25T17:37:29.593Z" },
    { url = "https://files.pythonhosted.org/packages/f9/19/427e5943b276a0dd74c2a1f1d7a7393443f13d1ee47dedb3f8127903c080/tree_sitter-0.25.2-cp311-cp311-win_amd64.whl", hash = "sha256:56ac6602c7d09c2c507c55e58dc7026b8988e0475bd0002f8a386cce5e8e8adc", size = 127304, upload-time = "2025-09-25T17:37:30.549Z" },
    { url = "https://files.pythonhosted.org/packages/eb/d9/eef856dc15f784d85d1397a17f3ee0f82df7778efce9e1961203abfe376a/tree_sitter-0.25.2-cp311-cp311-win_arm64.whl", hash = "sha256:b3d11a3a3ac89bb8a2543d75597f905a9926f9c806f40fcca8242922d1cc6ad5", size = 113990, upload-time = "2025-09-25T17:37:31.852Z" },
    { url = "https://files.pythonhosted.org/packages/3c/9e/20c2a00a862f1c2897a436b17edb774e831b22218083b459d0d081c9db33/tree_sitter-0.25.2-cp312-cp312-macosx_10_13_x86_64.whl", hash = "sha256:ddabfff809ffc983fc9963455ba1cecc90295803e06e140a4c83e94c1fa3d960", size = 146941, upload-time = "2025-09-25T17:37:34.813Z" },
    { url = "https://files.pythonhosted.org/packages/ef/04/8512e2062e652a1016e840ce36ba1cc33258b0dcc4e500d8089b4054afec/tree_sitter-0.25.2-cp312-cp312-macosx_11_0_arm64.whl", hash = "sha256:c0c0ab5f94938a23fe81928a21cc0fac44143133ccc4eb7eeb1b92f84748331c", size = 137699, upload-time = "2025-09-25T17:37:36.349Z" },
    { url = "https://files.pythonhosted.org/packages/47/8a/d48c0414db19307b0fb3bb10d76a3a0cbe275bb293f145ee7fba2abd668e/tree_sitter-0.25.2-cp312-cp312-manylinux2014_aarch64.manylinux_2_17_aarch64.manylinux_2_28_aarch64.whl", hash = "sha256:dd12d80d91d4114ca097626eb82714618dcdfacd6a5e0955216c6485c350ef99", size = 607125, upload-time = "2025-09-25T17:37:37.725Z" },
    { url = "https://files.pythonhosted.org/packages/39/d1/b95f545e9fc5001b8a78636ef942a4e4e536580caa6a99e73dd0a02e87aa/tree_sitter-0.25.2-cp312-cp312-manylinux2014_x86_64.manylinux_2_17_x86_64.manylinux_2_28_x86_64.whl", hash = "sha256:b43a9e4c89d4d0839de27cd4d6902d33396de700e9ff4c5ab7631f277a85ead9", size = 635418, upload-time = "2025-09-25T17:37:38.922Z" },
    { url = "https://files.pythonhosted.org/packages/de/4d/b734bde3fb6f3513a010fa91f1f2875442cdc0382d6a949005cd84563d8f/tree_sitter-0.25.2-cp312-cp312-musllinux_1_2_x86_64.whl", hash = "sha256:fbb1706407c0e451c4f8cc016fec27d72d4b211fdd3173320b1ada7a6c74c3ac", size = 631250, upload-time = "2025-09-25T17:37:40.039Z" },
    { url = "https://files.pythonhosted.org/packages/46/f2/5f654994f36d10c64d50a192239599fcae46677491c8dd53e7579c35a3e3/tree_sitter-0.25.2-cp312-cp312-win_amd64.whl", hash = "sha256:6d0302550bbe4620a5dc7649517c4409d74ef18558276ce758419cf09e578897", size = 127156, upload-time = "2025-09-25T17:37:41.132Z" },
    { url = "https://files.pythonhosted.org/packages/67/23/148c468d410efcf0a9535272d81c258d840c27b34781d625f1f627e2e27d/tree_sitter-0.25.2-cp312-cp312-win_arm64.whl", hash = "sha256:0c8b6682cac77e37cfe5cf7ec388844957f48b7bd8d6321d0ca2d852994e10d5", size = 113984, upload-time = "2025-09-25T17:37:42.074Z" },
    { url = "https://files.pythonhosted.org/packages/8c/67/67492014ce32729b63d7ef318a19f9cfedd855d677de5773476caf771e96/tree_sitter-0.25.2-cp313-cp313-macosx_10_13_x86_64.whl", hash = "sha256:0628671f0de69bb279558ef6b640bcfc97864fe0026d840f872728a86cd6b6cd", size = 146926, upload-time = "2025-09-25T17:37:43.041Z" },
    { url = "https://files.pythonhosted.org/packages/4e/9c/a278b15e6b263e86c5e301c82a60923fa7c59d44f78d7a110a89a413e640/tree_sitter-0.25.2-cp313-cp313-macosx_11_0_arm64.whl", hash = "sha256:f5ddcd3e291a749b62521f71fc953f66f5fd9743973fd6dd962b092773569601", size = 137712, upload-time = "2025-09-25T17:37:44.039Z" },
    { url = "https://files.pythonhosted.org/packages/54/9a/423bba15d2bf6473ba67846ba5244b988cd97a4b1ea2b146822162256794/tree_sitter-0.25.2-cp313-cp313-manylinux2014_aarch64.manylinux_2_17_aarch64.manylinux_2_28_aarch64.whl", hash = "sha256:bd88fbb0f6c3a0f28f0a68d72df88e9755cf5215bae146f5a1bdc8362b772053", size = 607873, upload-time = "2025-09-25T17:37:45.477Z" },
    { url = "https://files.pythonhosted.org/packages/ed/4c/b430d2cb43f8badfb3a3fa9d6cd7c8247698187b5674008c9d67b2a90c8e/tree_sitter-0.25.2-cp313-cp313-manylinux2014_x86_64.manylinux_2_17_x86_64.manylinux_2_28_x86_64.whl", hash = "sha256:b878e296e63661c8e124177cc3084b041ba3f5936b43076d57c487822426f614", size = 636313, upload-time = "2025-09-25T17:37:46.68Z" },
    { url = "https://files.pythonhosted.org/packages/9d/27/5f97098dbba807331d666a0997662e82d066e84b17d92efab575d283822f/tree_sitter-0.25.2-cp313-cp313-musllinux_1_2_x86_64.whl", hash = "sha256:d77605e0d353ba3fe5627e5490f0fbfe44141bafa4478d88ef7954a61a848dae", size = 631370, upload-time = "2025-09-25T17:37:47.993Z" },
    { url = "https://files.pythonhosted.org/packages/d4/3c/87caaed663fabc35e18dc704cd0e9800a0ee2f22bd18b9cbe7c10799895d/tree_sitter-0.25.2-cp313-cp313-win_amd64.whl", hash = "sha256:463c032bd02052d934daa5f45d183e0521ceb783c2548501cf034b0beba92c9b", size = 127157, upload-time = "2025-09-25T17:37:48.967Z" },
    { url = "https://files.pythonhosted.org/packages/d5/23/f8467b408b7988aff4ea40946a4bd1a2c1a73d17156a9d039bbaff1e2ceb/tree_sitter-0.25.2-cp313-cp313-win_arm64.whl", hash = "sha256:b3f63a1796886249bd22c559a5944d64d05d43f2be72961624278eff0dcc5cb8", size = 113975, upload-time = "2025-09-25T17:37:49.922Z" },
    { url = "https://files.pythonhosted.org/packages/07/e3/d9526ba71dfbbe4eba5e51d89432b4b333a49a1e70712aa5590cd22fc74f/tree_sitter-0.25.2-cp314-cp314-macosx_10_13_x86_64.whl", hash = "sha256:65d3c931013ea798b502782acab986bbf47ba2c452610ab0776cf4a8ef150fc0", size = 146776, upload-time = "2025-09-25T17:37:50.898Z" },
    { url = "https://files.pythonhosted.org/packages/42/97/4bd4ad97f85a23011dd8a535534bb1035c4e0bac1234d58f438e15cff51f/tree_sitter-0.25.2-cp314-cp314-macosx_11_0_arm64.whl", hash = "sha256:bda059af9d621918efb813b22fb06b3fe00c3e94079c6143fcb2c565eb44cb87", size = 137732, upload-time = "2025-09-25T17:37:51.877Z" },
    { url = "https://files.pythonhosted.org/packages/b6/19/1e968aa0b1b567988ed522f836498a6a9529a74aab15f09dd9ac1e41f505/tree_sitter-0.25.2-cp314-cp314-manylinux2014_aarch64.manylinux_2_17_aarch64.manylinux_2_28_aarch64.whl", hash = "sha256:eac4e8e4c7060c75f395feec46421eb61212cb73998dbe004b7384724f3682ab", size = 609456, upload-time = "2025-09-25T17:37:52.925Z" },
    { url = "https://files.pythonhosted.org/packages/48/b6/cf08f4f20f4c9094006ef8828555484e842fc468827ad6e56011ab668dbd/tree_sitter-0.25.2-cp314-cp314-manylinux2014_x86_64.manylinux_2_17_x86_64.manylinux_2_28_x86_64.whl", hash = "sha256:260586381b23be33b6191a07cea3d44ecbd6c01aa4c6b027a0439145fcbc3358", size = 636772, upload-time = "2025-09-25T17:37:54.647Z" },
    { url = "https://files.pythonhosted.org/packages/57/e2/d42d55bf56360987c32bc7b16adb06744e425670b823fb8a5786a1cea991/tree_sitter-0.25.2-cp314-cp314-musllinux_1_2_x86_64.whl", hash = "sha256:7d2ee1acbacebe50ba0f85fff1bc05e65d877958f00880f49f9b2af38dce1af0", size = 631522, upload-time = "2025-09-25T17:37:55.833Z" },
    { url = "https://files.pythonhosted.org/packages/03/87/af9604ebe275a9345d88c3ace0cf2a1341aa3f8ef49dd9fc11662132df8a/tree_sitter-0.25.2-cp314-cp314-win_amd64.whl", hash = "sha256:4973b718fcadfb04e59e746abfbb0288694159c6aeecd2add59320c03368c721", size = 130864, upload-time = "2025-09-25T17:37:57.453Z" },
    { url = "https://files.pythonhosted.org/packages/a6/6e/e64621037357acb83d912276ffd30a859ef117f9c680f2e3cb955f47c680/tree_sitter-0.25.2-cp314-cp314-win_arm64.whl", hash = "sha256:b8d4429954a3beb3e844e2872610d2a4800ba4eb42bb1990c6a4b1949b18459f", size = 117470, upload-time = "2025-09-25T17:37:58.431Z" },
]

[[package]]
name = "tree-sitter-go"
version = "0.25.0"
source = { registry = "https://pypi.org/simple" }
sdist = { url = "https://files.pythonhosted.org/packages/01/05/727308adbbc79bcb1c92fc0ea10556a735f9d0f0a5435a18f59d40f7fd77/tree_sitter_go-0.25.0.tar.gz", hash = "sha256:a7466e9b8d94dda94cae8d91629f26edb2d26166fd454d4831c3bf6dfa2e8d68", size = 93890, upload-time = "2025-08-29T06:20:25.044Z" }
wheels = [
    { url = "https://files.pythonhosted.org/packages/ca/aa/0984707acc2b9bb461fe4a41e7e0fc5b2b1e245c32820f0c83b3c602957c/tree_sitter_go-0.25.0-cp310-abi3-macosx_10_9_x86_64.whl", hash = "sha256:b852993063a3429a443e7bd0aa376dd7dd329d595819fabf56ac4cf9d7257b54", size = 47117, upload-time = "2025-08-29T06:20:14.286Z" },
    { url = "https://files.pythonhosted.org/packages/32/16/dd4cb124b35e99239ab3624225da07d4cb8da4d8564ed81d03fcb3a6ba9f/tree_sitter_go-0.25.0-cp310-abi3-macosx_11_0_arm64.whl", hash = "sha256:503b81a2b4c31e302869a1de3a352ad0912ccab3df9ac9950197b0a9ceeabd8f", size = 48674, upload-time = "2025-08-29T06:20:17.557Z" },
    { url = "https://files.pythonhosted.org/packages/86/fb/b30d63a08044115d8b8bd196c6c2ab4325fb8db5757249a4ef0563966e2e/tree_sitter_go-0.25.0-cp310-abi3-manylinux1_x86_64.manylinux_2_28_x86_64.manylinux_2_5_x86_64.whl", hash = "sha256:04b3b3cb4aff18e74e28d49b716c6f24cb71ddfdd66768987e26e4d0fa812f74", size = 66418, upload-time = "2025-08-29T06:20:18.345Z" },
    { url = "https://files.pythonhosted.org/packages/26/21/d3d88a30ad007419b2c97b3baeeef7431407faf9f686195b6f1cad0aedf9/tree_sitter_go-0.25.0-cp310-abi3-manylinux2014_aarch64.manylinux_2_17_aarch64.manylinux_2_28_aarch64.whl", hash = "sha256:148255aca2f54b90d48c48a9dbb4c7faad6cad310a980b2c5a5a9822057ed145", size = 72006, upload-time = "2025-08-29T06:20:19.14Z" },
    { url = "https://files.pythonhosted.org/packages/cd/d0/0dd6442353ced8a88bbda9e546f4ea29e381b59b5a40b122e5abb586bb6c/tree_sitter_go-0.25.0-cp310-abi3-musllinux_1_2_aarch64.whl", hash = "sha256:4d338116cdf8a6c6ff990d2441929b41323ef17c710407abe0993c13417d6aad", size = 70603, upload-time = "2025-08-29T06:20:21.544Z" },
    { url = "https://files.pythonhosted.org/packages/01/e2/ee5e09f63504fc286539535d374d2eaa0e7d489b80f8f744bb3962aff22a/tree_sitter_go-0.25.0-cp310-abi3-musllinux_1_2_x86_64.whl", hash = "sha256:5608e089d2a29fa8d2b327abeb2ad1cdb8e223c440a6b0ceab0d3fa80bdeebae", size = 66088, upload-time = "2025-08-29T06:20:22.336Z" },
    { url = "https://files.pythonhosted.org/packages/6e/b6/d9142583374720e79aca9ccb394b3795149a54c012e1dfd80738df2d984e/tree_sitter_go-0.25.0-cp310-abi3-win_amd64.whl", hash = "sha256:30d4ada57a223dfc2c32d942f44d284d40f3d1215ddcf108f96807fd36d53022", size = 48152, upload-time = "2025-08-29T06:20:23.089Z" },
    { url = "https://files.pythonhosted.org/packages/9e/00/9a2638e7339236f5b01622952a4d71c1474dd3783d1982a89555fc1f03b1/tree_sitter_go-0.25.0-cp310-abi3-win_arm64.whl", hash = "sha256:d5d62362059bf79997340773d47cc7e7e002883b527a05cca829c46e40b70ded", size = 46752, upload-time = "2025-08-29T06:20:24.235Z" },
]

[[package]]
name = "tree-sitter-php"
version = "0.24.1"
source = { registry = "https://pypi.org/simple" }
wheels = [
    { url = "https://files.pythonhosted.org/packages/a4/c8/1a499038cb4036bea1d560ffbc807a6fb940261aa22296bd49a62ed8bcba/tree_sitter_php-0.24.1-cp310-abi3-macosx_10_9_x86_64.whl", hash = "sha256:d56e2dcf025450f84a2cdbf4b18a09e6cb88b92e9e6858e63de3d4133ab2e43e", size = 219550, upload-time = "2025-08-16T22:14:30.212Z" },
    { url = "https://files.pythonhosted.org/packages/ab/5e/b52f2599acb29f6899470f7137d3d491c752b88df3950fb7408aea57ddca/tree_sitter_php-0.24.1-cp310-abi3-macosx_11_0_arm64.whl", hash = "sha256:29759c67d4c27a68c227ed82c0b7e4699617b1bd23757d50c081f81a12b4f80d", size = 229632, upload-time = "2025-08-16T22:14:31.85Z" },
    { url = "https://files.pythonhosted.org/packages/6b/58/ca290da45380bd6ba7c6b0b98cc5fc30325c32c7f14f0c93196a451b19c4/tree_sitter_php-0.24.1-cp310-abi3-manylinux2014_aarch64.manylinux_2_17_aarch64.manylinux_2_28_aarch64.whl", hash = "sha256:94b89832ac09f078eed2acd88598838bc51012224cbcebb916dbb6a37e74357e", size = 325351, upload-time = "2025-08-16T22:14:33Z" },
    { url = "https://files.pythonhosted.org/packages/9a/c6/fd863a7a779d0ab67688939eba0e08bff7b1ffe731288d3d3610df21217b/tree_sitter_php-0.24.1-cp310-abi3-manylinux2014_x86_64.manylinux_2_17_x86_64.manylinux_2_28_x86_64.whl", hash = "sha256:7a1404a30f2972498ace040b0029738b8dac45d0a12932ccb8b605eb94bafbe4", size = 313021, upload-time = "2025-08-16T22:14:34.394Z" },
    { url = "https://files.pythonhosted.org/packages/48/ed/aace12f30c4f5474a9ad0e9da85c060174e3764342c9860974bb0feb02fc/tree_sitter_php-0.24.1-cp310-abi3-musllinux_1_2_x86_64.whl", hash = "sha256:3e96f61462a960c78e5389c7ba6c16c25e66b465c763b8e63ad66423326c2fa7", size = 305905, upload-time = "2025-08-16T22:14:35.846Z" },
    { url = "https://files.pythonhosted.org/packages/4e/c4/6c690c33b1ae9cae9505c0a2896f046fda174d72c46bdafce6aab3b2f2e7/tree_sitter_php-0.24.1-cp310-abi3-win_amd64.whl", hash = "sha256:1a1b65b72a8410d421f914ee13d38fd546a94d01cb834f69b27c78ba7589a5b5", size = 208014, upload-time = "2025-08-16T22:14:37.206Z" },
    { url = "https://files.pythonhosted.org/packages/7b/69/54c670d725c092b89e76ca6984582b6a768b128ac1859ed48141b124da1d/tree_sitter_php-0.24.1-cp310-abi3-win_arm64.whl", hash = "sha256:56a70c5ef1bddb15f220a479b2f2edf3042c764b6c443921fbd7ca9174d664e3", size = 206033, upload-time = "2025-08-16T22:14:38.632Z" },
]

[[package]]
name = "tree-sitter-python"
version = "0.25.0"
source = { registry = "https://pypi.org/simple" }
sdist = { url = "https://files.pythonhosted.org/packages/b8/8b/c992ff0e768cb6768d5c96234579bf8842b3a633db641455d86dd30d5dac/tree_sitter_python-0.25.0.tar.gz", hash = "sha256:b13e090f725f5b9c86aa455a268553c65cadf325471ad5b65cd29cac8a1a68ac", size = 159845, upload-time = "2025-09-11T06:47:58.159Z" }
wheels = [
    { url = "https://files.pythonhosted.org/packages/cf/64/a4e503c78a4eb3ac46d8e72a29c1b1237fa85238d8e972b063e0751f5a94/tree_sitter_python-0.25.0-cp310-abi3-macosx_10_9_x86_64.whl", hash = "sha256:14a79a47ddef72f987d5a2c122d148a812169d7484ff5c75a3db9609d419f361", size = 73790, upload-time = "2025-09-11T06:47:47.652Z" },
    { url = "https://files.pythonhosted.org/packages/e6/1d/60d8c2a0cc63d6ec4ba4e99ce61b802d2e39ef9db799bdf2a8f932a6cd4b/tree_sitter_python-0.25.0-cp310-abi3-macosx_11_0_arm64.whl", hash = "sha256:480c21dbd995b7fe44813e741d71fed10ba695e7caab627fb034e3828469d762", size = 76691, upload-time = "2025-09-11T06:47:49.038Z" },
    { url = "https://files.pythonhosted.org/packages/aa/cb/d9b0b67d037922d60cbe0359e0c86457c2da721bc714381a63e2c8e35eba/tree_sitter_python-0.25.0-cp310-abi3-manylinux1_x86_64.manylinux_2_28_x86_64.manylinux_2_5_x86_64.whl", hash = "sha256:86f118e5eecad616ecdb81d171a36dde9bef5a0b21ed71ea9c3e390813c3baf5", size = 108133, upload-time = "2025-09-11T06:47:50.499Z" },
    { url = "https://files.pythonhosted.org/packages/40/bd/bf4787f57e6b2860f3f1c8c62f045b39fb32d6bac4b53d7a9e66de968440/tree_sitter_python-0.25.0-cp310-abi3-manylinux2014_aarch64.manylinux_2_17_aarch64.manylinux_2_28_aarch64.whl", hash = "sha256:be71650ca2b93b6e9649e5d65c6811aad87a7614c8c1003246b303f6b150f61b", size = 110603, upload-time = "2025-09-11T06:47:51.985Z" },
    { url = "https://files.pythonhosted.org/packages/5d/25/feff09f5c2f32484fbce15db8b49455c7572346ce61a699a41972dea7318/tree_sitter_python-0.25.0-cp310-abi3-musllinux_1_2_aarch64.whl", hash = "sha256:e6d5b5799628cc0f24691ab2a172a8e676f668fe90dc60468bee14084a35c16d", size = 108998, upload-time = "2025-09-11T06:47:53.046Z" },
    { url = "https://files.pythonhosted.org/packages/75/69/4946da3d6c0df316ccb938316ce007fb565d08f89d02d854f2d308f0309f/tree_sitter_python-0.25.0-cp310-abi3-musllinux_1_2_x86_64.whl", hash = "sha256:71959832fc5d9642e52c11f2f7d79ae520b461e63334927e93ca46cd61cd9683", size = 107268, upload-time = "2025-09-11T06:47:54.388Z" },
    { url = "https://files.pythonhosted.org/packages/ed/a2/996fc2dfa1076dc460d3e2f3c75974ea4b8f02f6bc925383aaae519920e8/tree_sitter_python-0.25.0-cp310-abi3-win_amd64.whl", hash = "sha256:9bcde33f18792de54ee579b00e1b4fe186b7926825444766f849bf7181793a76", size = 76073, upload-time = "2025-09-11T06:47:55.773Z" },
    { url = "https://files.pythonhosted.org/packages/07/19/4b5569d9b1ebebb5907d11554a96ef3fa09364a30fcfabeff587495b512f/tree_sitter_python-0.25.0-cp310-abi3-win_arm64.whl", hash = "sha256:0fbf6a3774ad7e89ee891851204c2e2c47e12b63a5edbe2e9156997731c128bb", size = 74169, upload-time = "2025-09-11T06:47:56.747Z" },
]
